{
  "name": "google-calendar-analysis",
  "lockfileVersion": 2,
  "requires": true,
  "packages": {
    "": {
      "dependencies": {
        "@types/google-apps-script": "^1.0.44"
      }
    },
    "node_modules/@types/google-apps-script": {
      "version": "1.0.44",
      "resolved": "https://registry.npmjs.org/@types/google-apps-script/-/google-apps-script-1.0.44.tgz",
      "integrity": "sha512-QfvP9Q1sjtNCdzHWCo168ibLykrgyO9QK+4GA6agBa+MNWo3PU9i3K3QUzp9mXCx2++wh0slkYj0+VsrwMf1cA=="
    }
  },
  "dependencies": {
    "@types/google-apps-script": {
      "version": "1.0.44",
      "resolved": "https://registry.npmjs.org/@types/google-apps-script/-/google-apps-script-1.0.44.tgz",
      "integrity": "sha512-QfvP9Q1sjtNCdzHWCo168ibLykrgyO9QK+4GA6agBa+MNWo3PU9i3K3QUzp9mXCx2++wh0slkYj0+VsrwMf1cA=="
    }
  }
}
